
Microsoft Visual Studio Solution File, Format Version 12.00
# Visual Studio Version 17
VisualStudioVersion = 17.14.36511.14 d17.14
MinimumVisualStudioVersion = 10.0.40219.1
Project("{F184B08F-C81C-45F6-A57F-5ABD9991F28F}") = "تصميم واجهة فيها إسم الطالب والمستوى والتخصص والعام الدراسي", "تصميم واجهة فيها إسم الطالب والمستوى والتخصص والعام الدراسي.vbproj", "{18383A88-C54D-442D-8AC4-2B0BC0B73FDE}"
EndProject
Global
	GlobalSection(SolutionConfigurationPlatforms) = preSolution
		Debug|Any CPU = Debug|Any CPU
		Release|Any CPU = Release|Any CPU
	EndGlobalSection
	GlobalSection(ProjectConfigurationPlatforms) = postSolution
		{18383A88-C54D-442D-8AC4-2B0BC0B73FDE}.Debug|Any CPU.ActiveCfg = Debug|Any CPU
		{18383A88-C54D-442D-8AC4-2B0BC0B73FDE}.Debug|Any CPU.Build.0 = Debug|Any CPU
		{18383A88-C54D-442D-8AC4-2B0BC0B73FDE}.Release|Any CPU.ActiveCfg = Release|Any CPU
		{18383A88-C54D-442D-8AC4-2B0BC0B73FDE}.Release|Any CPU.Build.0 = Release|Any CPU
	EndGlobalSection
	GlobalSection(SolutionProperties) = preSolution
		HideSolutionNode = FALSE
	EndGlobalSection
	GlobalSection(ExtensibilityGlobals) = postSolution
		SolutionGuid = {FCE95FC7-68A2-4B00-80C6-94A770FEA6A6}
	EndGlobalSection
EndGlobal
